{
  "name": "DTXT",
  "lockfileVersion": 3,
  "requires": true,
  "packages": {
    "": {
      "dependencies": {
        "@assemblyscript/loader": "^0.28.17"
      }
    },
    "node_modules/@assemblyscript/loader": {
      "version": "0.28.17",
      "resolved": "https://registry.npmjs.org/@assemblyscript/loader/-/loader-0.28.17.tgz",
      "integrity": "sha512-l2bYDSLoACjLyK24i9dLq9hRWjzvDgSImt/etslIdtBFcRF5YpQSL0N7/m7spJEI0Zb4RX5dRYIi5BQj9xHuBQ==",
      "license": "Apache-2.0"
    }
  }
}
